<Solution>
    <Configurations>
        <Platform Name="Any CPU" />
        <Platform Name="x64" />
        <Platform Name="x86" />
    </Configurations>
    <Project Path="camera-controller-override/camera-controller-override.csproj" />
    <Project Path="kitten-animations/kitten-animations.csproj" />
    <Project Path="byo-music/byo-music.csproj" />
    <Project Path="stampy/stampy.csproj" />
    <Project Path="blinken/blinken.csproj" />
    
</Solution>
