<Solution>
    <Configurations>
        <Platform Name="Any CPU" />
        <Platform Name="x64" />
        <Platform Name="x86" />
    </Configurations>
    <Project Path="camera-controller-override/camera-controller-override.csproj" />
    <Project Path="camera-controller-override.lib/camera-controller-override.lib.csproj" />
    <Project Path="kitten-animations/kitten-animations.csproj" />
    <Project Path="kitten-animations.lib/kitten-animations.lib.csproj" />
    <Project Path="byo-music/byo-music.csproj" />
    <Project Path="byo-music.lib/byo-music.lib.csproj" />
    <Project Path="stampy/stampy.csproj" />
    <Project Path="average-twr/average-twr.csproj" />
    <Project Path="average-twr.lib/average-twr.lib.csproj" />
    <Project Path="geeforce/geeforce.csproj" />
    <Project Path="geeforce.lib/geeforce.lib.csproj" />
    <Project Path="glass/glass.csproj" />
    <Project Path="glass.lib/glass.lib.csproj" />
    <Project Path="garrys-torch/garrys-torch.csproj" />
    <Project Path="garrys-torch.lib/garrys-torch.lib.csproj" />
    <Project Path="zippo/zippo.csproj" />
    <Project Path="zippo.lib/zippo.lib.csproj" />
    <Project Path="i-feel-seen/i-feel-seen.csproj" />
    <Project Path="i-feel-seen.lib/i-feel-seen.lib.csproj" />
    <Project Path="grant/grant.csproj" />
    <Project Path="ksa-abstractions.lib/ksa-abstractions.lib.csproj" />
    <Project Path="kiwis-marbles/kiwis-marbles.csproj" />
    <Project Path="kiwis-marbles.lib/kiwis-marbles.lib.csproj" />
    <Project Path="skittles/skittles.csproj" />
    <Project Path="skittles.lib/skittles.lib.csproj" />
    <Project Path="blinky/blinky.csproj" />
    <Project Path="blinky.lib/blinky.lib.csproj" />
    <Project Path="eternal-flame/eternal-flame.csproj" />
    <Project Path="eternal-flame.lib/eternal-flame.lib.csproj" />
    <Project Path="unladen-swallow/unladen-swallow.csproj" />
    <Project Path="unladen-swallow.lib/unladen-swallow.lib.csproj" />
    <Project Path="con-man/con-man.csproj" />
    <Project Path="con-man.lib/con-man.lib.csproj" />
    <Project Path="inanimate-carbon-rod/inanimate-carbon-rod.csproj" />
    <Project Path="inanimate-carbon-rod.lib/inanimate-carbon-rod.lib.csproj" />
    <Project Path="marque/marque.csproj" />
    <Project Path="marque.lib/marque.lib.csproj" />
    <Project Path="humble-arteest/humble-arteest.csproj" />
    <Project Path="humble-arteest.lib/humble-arteest.lib.csproj" />
    <Project Path="steely-eyed-missile-kitten.lib/steely-eyed-missile-kitten.lib.csproj" />
    <Project Path="steely-eyed-missile-kitten/steely-eyed-missile-kitten.csproj" />
    <Project Path="doh/doh.csproj" />
    <Project Path="doh.lib/doh.lib.csproj" />

</Solution>
