<Solution>
    <Configurations>
        <Platform Name="Any CPU" />
        <Platform Name="x64" />
        <Platform Name="x86" />
    </Configurations>
    <Project Path="camera-controller-override/camera-controller-override.csproj" />
    <Project Path="camera-controller-override.lib/camera-controller-override.lib.csproj" />
    <Project Path="kitten-animations/kitten-animations.csproj" />
    <Project Path="kitten-animations.lib/kitten-animations.lib.csproj" />
    <Project Path="byo-music/byo-music.csproj" />
    <Project Path="byo-music.lib/byo-music.lib.csproj" />
    <Project Path="stampy/stampy.csproj" />
    <Project Path="blinken/blinken.csproj" />
    <Project Path="blinken.lib/blinken.lib.csproj" />
    <Project Path="average-twr/average-twr.csproj" />
    <Project Path="average-twr.lib/average-twr.lib.csproj" />
    <Project Path="geeforce/geeforce.csproj" />
    <Project Path="geeforce.lib/geeforce.lib.csproj" />
    <Project Path="glass/glass.csproj" />
    <Project Path="glass.lib/glass.lib.csproj" />
    <Project Path="garys-torch/garys-torch.csproj" />
    <Project Path="garys-torch.lib/garys-torch.lib.csproj" />
    <Project Path="zippo/zippo.csproj" />
    <Project Path="zippo.lib/zippo.lib.csproj" />
    <Project Path="i-feel-seen/i-feel-seen.csproj" />
    <Project Path="i-feel-seen.lib/i-feel-seen.lib.csproj" />
    <Project Path="grant/grant.csproj" />
    <Project Path="ksa-abstractions.lib/ksa-abstractions.lib.csproj" />
    <Project Path="blinky/blinky.csproj" />
    <Project Path="blinky.lib/blinky.lib.csproj" />
    <Project Path="eternal-flame/eternal-flame.csproj" />
    <Project Path="eternal-flame.lib/eternal-flame.lib.csproj" />
    
    
    
</Solution>
